
Microsoft Visual Studio Solution File, Format Version 12.00
# Visual Studio Version 17
VisualStudioVersion = 17.0.31903.59
MinimumVisualStudioVersion = 10.0.40219.1
Project("{FAE04EC0-301F-11D3-BF4B-00C04F79EFBC}") = "TurtleScript.Grammar", "TurtleScript\TurtleScript.Grammar.csproj", "{CAA626A4-DDC2-422D-B424-229F800E4642}"
EndProject
Project("{FAE04EC0-301F-11D3-BF4B-00C04F79EFBC}") = "TurtleScript.Interpreter", "TurtleScript.Interpreter\TurtleScript.Interpreter.csproj", "{75AD2673-1776-4B95-AA70-16BB5B275977}"
	ProjectSection(ProjectDependencies) = postProject
		{CAA626A4-DDC2-422D-B424-229F800E4642} = {CAA626A4-DDC2-422D-B424-229F800E4642}
	EndProjectSection
EndProject
Project("{FAE04EC0-301F-11D3-BF4B-00C04F79EFBC}") = "TurtleScript.Interpreter.UnitTest", "TurtleScript.Interpreter.UnitTest\TurtleScript.Interpreter.UnitTest.csproj", "{CBA41CEB-6C9E-45C6-BB95-46B1E11FFD36}"
EndProject
Project("{FAE04EC0-301F-11D3-BF4B-00C04F79EFBC}") = "Nakov.TurtleGraphics", "Nakov.TurtleGraphics\Nakov.TurtleGraphics.csproj", "{ED9BE8F0-2E5C-41EA-A8EC-A9DB81D29A11}"
EndProject
Project("{FAE04EC0-301F-11D3-BF4B-00C04F79EFBC}") = "Turtle-Graphics-Example", "Turtle-Graphics-Example\Turtle-Graphics-Example.csproj", "{0009E232-CD03-4C6D-B288-70EFA46083AB}"
EndProject
Project("{FAE04EC0-301F-11D3-BF4B-00C04F79EFBC}") = "ScriptedTurtle", "ScriptedTurtle\ScriptedTurtle.csproj", "{94678CB9-99F8-4A10-9572-4B9D90E4E986}"
EndProject
Project("{FAE04EC0-301F-11D3-BF4B-00C04F79EFBC}") = "TurtleScript.TokenizedInterpreter.UnitTest", "TurtleScript.TokenizedInterpreter.UnitTest\TurtleScript.TokenizedInterpreter.UnitTest.csproj", "{18DDC2D0-57FE-4D88-8907-F2FC8813605E}"
EndProject
Global
	GlobalSection(SolutionConfigurationPlatforms) = preSolution
		Debug|Any CPU = Debug|Any CPU
		Release|Any CPU = Release|Any CPU
	EndGlobalSection
	GlobalSection(ProjectConfigurationPlatforms) = postSolution
		{CAA626A4-DDC2-422D-B424-229F800E4642}.Debug|Any CPU.ActiveCfg = Debug|Any CPU
		{CAA626A4-DDC2-422D-B424-229F800E4642}.Debug|Any CPU.Build.0 = Debug|Any CPU
		{CAA626A4-DDC2-422D-B424-229F800E4642}.Release|Any CPU.ActiveCfg = Release|Any CPU
		{CAA626A4-DDC2-422D-B424-229F800E4642}.Release|Any CPU.Build.0 = Release|Any CPU
		{75AD2673-1776-4B95-AA70-16BB5B275977}.Debug|Any CPU.ActiveCfg = Debug|Any CPU
		{75AD2673-1776-4B95-AA70-16BB5B275977}.Debug|Any CPU.Build.0 = Debug|Any CPU
		{75AD2673-1776-4B95-AA70-16BB5B275977}.Release|Any CPU.ActiveCfg = Release|Any CPU
		{75AD2673-1776-4B95-AA70-16BB5B275977}.Release|Any CPU.Build.0 = Release|Any CPU
		{CBA41CEB-6C9E-45C6-BB95-46B1E11FFD36}.Debug|Any CPU.ActiveCfg = Debug|Any CPU
		{CBA41CEB-6C9E-45C6-BB95-46B1E11FFD36}.Debug|Any CPU.Build.0 = Debug|Any CPU
		{CBA41CEB-6C9E-45C6-BB95-46B1E11FFD36}.Release|Any CPU.ActiveCfg = Release|Any CPU
		{CBA41CEB-6C9E-45C6-BB95-46B1E11FFD36}.Release|Any CPU.Build.0 = Release|Any CPU
		{ED9BE8F0-2E5C-41EA-A8EC-A9DB81D29A11}.Debug|Any CPU.ActiveCfg = Debug|Any CPU
		{ED9BE8F0-2E5C-41EA-A8EC-A9DB81D29A11}.Debug|Any CPU.Build.0 = Debug|Any CPU
		{ED9BE8F0-2E5C-41EA-A8EC-A9DB81D29A11}.Release|Any CPU.ActiveCfg = Release|Any CPU
		{ED9BE8F0-2E5C-41EA-A8EC-A9DB81D29A11}.Release|Any CPU.Build.0 = Release|Any CPU
		{0009E232-CD03-4C6D-B288-70EFA46083AB}.Debug|Any CPU.ActiveCfg = Debug|Any CPU
		{0009E232-CD03-4C6D-B288-70EFA46083AB}.Debug|Any CPU.Build.0 = Debug|Any CPU
		{0009E232-CD03-4C6D-B288-70EFA46083AB}.Release|Any CPU.ActiveCfg = Release|Any CPU
		{0009E232-CD03-4C6D-B288-70EFA46083AB}.Release|Any CPU.Build.0 = Release|Any CPU
		{94678CB9-99F8-4A10-9572-4B9D90E4E986}.Debug|Any CPU.ActiveCfg = Debug|Any CPU
		{94678CB9-99F8-4A10-9572-4B9D90E4E986}.Debug|Any CPU.Build.0 = Debug|Any CPU
		{94678CB9-99F8-4A10-9572-4B9D90E4E986}.Release|Any CPU.ActiveCfg = Release|Any CPU
		{94678CB9-99F8-4A10-9572-4B9D90E4E986}.Release|Any CPU.Build.0 = Release|Any CPU
		{18DDC2D0-57FE-4D88-8907-F2FC8813605E}.Debug|Any CPU.ActiveCfg = Debug|Any CPU
		{18DDC2D0-57FE-4D88-8907-F2FC8813605E}.Debug|Any CPU.Build.0 = Debug|Any CPU
		{18DDC2D0-57FE-4D88-8907-F2FC8813605E}.Release|Any CPU.ActiveCfg = Release|Any CPU
		{18DDC2D0-57FE-4D88-8907-F2FC8813605E}.Release|Any CPU.Build.0 = Release|Any CPU
	EndGlobalSection
	GlobalSection(SolutionProperties) = preSolution
		HideSolutionNode = FALSE
	EndGlobalSection
	GlobalSection(ExtensibilityGlobals) = postSolution
		SolutionGuid = {2E27EE30-F9F7-49D1-94FA-D64E91B7A55C}
	EndGlobalSection
EndGlobal
